{
  "object": {
    "pins": [
      {
        "package": "Guaka",
        "repositoryURL": "https://github.com/oarrabi/Guaka.git",
        "state": {
          "branch": null,
          "revision": "9dfb2ea95b8ab9e799d0f65a79a2316679a758e0",
          "version": "0.1.3"
        }
      },
      {
        "package": "StringScanner",
        "repositoryURL": "https://github.com/klaas/StringScanner",
        "state": {
          "branch": null,
          "revision": "576ed0725055966b1e59a14edd99945640c55e3a",
          "version": "0.3.2"
        }
      }
    ]
  },
  "version": 1
}
