{
  "object": {
    "pins": [
      {
        "package": "AsyncOperationResult",
        "repositoryURL": "git@github.com:happn-app/AsyncOperationResult.git",
        "state": {
          "branch": null,
          "revision": "27a69817521f7a47a1f466cd094bbc2e4ad4e099",
          "version": "1.0.4"
        }
      },
      {
        "package": "Console",
        "repositoryURL": "https://github.com/vapor/console.git",
        "state": {
          "branch": null,
          "revision": "5b9796d39f201b3dd06800437abd9d774a455e57",
          "version": "3.0.2"
        }
      },
      {
        "package": "Core",
        "repositoryURL": "https://github.com/vapor/core.git",
        "state": {
          "branch": null,
          "revision": "7f56a09995bf3c8df562be456bdcda405d9d0678",
          "version": "3.4.1"
        }
      },
      {
        "package": "DatabaseKit",
        "repositoryURL": "https://github.com/vapor/database-kit.git",
        "state": {
          "branch": null,
          "revision": "acdd4d3384ec0122dcfcca8d23d9054a2860ffba",
          "version": "1.2.0"
        }
      },
      {
        "package": "Fluent",
        "repositoryURL": "https://github.com/vapor/fluent.git",
        "state": {
          "branch": null,
          "revision": "058b4579aea61dd05012f121fa9fa9042488c57b",
          "version": "3.0.0-rc.4.0.2"
        }
      },
      {
        "package": "FluentSQLite",
        "repositoryURL": "https://github.com/vapor/fluent-sqlite.git",
        "state": {
          "branch": null,
          "revision": "8262e8aa3f66a4f1d5c5d6cbddfd0a3b12cf5e31",
          "version": "3.0.0-rc.4.0.2"
        }
      },
      {
        "package": "Guaka",
        "repositoryURL": "https://github.com/klaas/Guaka.git",
        "state": {
          "branch": null,
          "revision": "bb2ddf2cbe699212781605eaad02477e1627cde6",
          "version": "0.3.4"
        }
      },
      {
        "package": "RetryingOperation",
        "repositoryURL": "git@github.com:happn-app/RetryingOperation.git",
        "state": {
          "branch": null,
          "revision": "9d689daa42d073d5f30588acad719ff7b09bdd04",
          "version": "1.1.0"
        }
      },
      {
        "package": "SemiSingleton",
        "repositoryURL": "git@github.com:happn-app/SemiSingleton",
        "state": {
          "branch": null,
          "revision": "e417234a07735bce88bbc1fb662457b416666140",
          "version": "1.1.2"
        }
      },
      {
        "package": "Service",
        "repositoryURL": "https://github.com/vapor/service.git",
        "state": {
          "branch": null,
          "revision": "281a70b69783891900be31a9e70051b6fe19e146",
          "version": "1.0.0"
        }
      },
      {
        "package": "SQL",
        "repositoryURL": "https://github.com/vapor/sql.git",
        "state": {
          "branch": null,
          "revision": "f89155dbf3dd48c838f79d28a636bbe32ad38693",
          "version": "2.0.0-beta.3"
        }
      },
      {
        "package": "SQLite",
        "repositoryURL": "https://github.com/vapor/sqlite.git",
        "state": {
          "branch": null,
          "revision": "386a6ed934017c1c9cba4d44b52e00dd5f9fd8d6",
          "version": "3.0.0-rc.4.1.1"
        }
      },
      {
        "package": "StringScanner",
        "repositoryURL": "https://github.com/klaas/StringScanner",
        "state": {
          "branch": null,
          "revision": "576ed0725055966b1e59a14edd99945640c55e3a",
          "version": "0.3.2"
        }
      },
      {
        "package": "CCommonCrypto",
        "repositoryURL": "git@github.com:happn-app/Swift-CommonCrypto.git",
        "state": {
          "branch": null,
          "revision": "f409d3b9971bf3bf5b393e0ccc8d36f0aea0df1a",
          "version": "1.0.0"
        }
      },
      {
        "package": "swift-nio",
        "repositoryURL": "https://github.com/apple/swift-nio.git",
        "state": {
          "branch": null,
          "revision": "695afc5205aaa49fca092b94b479ff71c43d9d3c",
          "version": "1.8.0"
        }
      },
      {
        "package": "swift-nio-zlib-support",
        "repositoryURL": "https://github.com/apple/swift-nio-zlib-support.git",
        "state": {
          "branch": null,
          "revision": "37760e9a52030bb9011972c5213c3350fa9d41fd",
          "version": "1.0.0"
        }
      },
      {
        "package": "COpenLDAP",
        "repositoryURL": "git@github.com:happn-app/Swift-OpenLDAP.git",
        "state": {
          "branch": null,
          "revision": "dc899ea63a7037bb4d1ac6d5ebcb86cdf781d79b",
          "version": "1.0.0"
        }
      },
      {
        "package": "URLRequestOperation",
        "repositoryURL": "git@github.com:happn-app/URLRequestOperation.git",
        "state": {
          "branch": null,
          "revision": "9c4fb5eec8fcba111cf7d94a16a18ef546be287b",
          "version": "1.1.1"
        }
      }
    ]
  },
  "version": 1
}
