{
  "object": {
    "pins": [
      {
        "package": "AsyncOperationResult",
        "repositoryURL": "git@github.com:happn-app/AsyncOperationResult.git",
        "state": {
          "branch": null,
          "revision": "e09d47367a86dd48fef993b08d095e1e3e4188de",
          "version": "1.0.2"
        }
      },
      {
        "package": "Guaka",
        "repositoryURL": "https://github.com/klaas/Guaka.git",
        "state": {
          "branch": null,
          "revision": "bb2ddf2cbe699212781605eaad02477e1627cde6",
          "version": "0.3.4"
        }
      },
      {
        "package": "RetryingOperation",
        "repositoryURL": "git@github.com:happn-app/RetryingOperation.git",
        "state": {
          "branch": null,
          "revision": "99993050e260c7b7fb3e15b247211286903aa87d",
          "version": "1.0.1"
        }
      },
      {
        "package": "SemiSingleton",
        "repositoryURL": "git@github.com:happn-app/SemiSingleton",
        "state": {
          "branch": null,
          "revision": "4ac83c4b5eabba365b0d152db6e661f8b90cafc9",
          "version": "1.1.1"
        }
      },
      {
        "package": "StringScanner",
        "repositoryURL": "https://github.com/klaas/StringScanner",
        "state": {
          "branch": null,
          "revision": "576ed0725055966b1e59a14edd99945640c55e3a",
          "version": "0.3.2"
        }
      },
      {
        "package": "CCommonCrypto",
        "repositoryURL": "git@github.com:happn-app/Swift-CommonCrypto.git",
        "state": {
          "branch": null,
          "revision": "f409d3b9971bf3bf5b393e0ccc8d36f0aea0df1a",
          "version": "1.0.0"
        }
      },
      {
        "package": "COpenLDAP",
        "repositoryURL": "git@github.com:happn-app/Swift-OpenLDAP.git",
        "state": {
          "branch": null,
          "revision": "dc899ea63a7037bb4d1ac6d5ebcb86cdf781d79b",
          "version": "1.0.0"
        }
      },
      {
        "package": "URLRequestOperation",
        "repositoryURL": "git@github.com:happn-app/URLRequestOperation.git",
        "state": {
          "branch": null,
          "revision": "33f89e94eb59d17dced20ca33e28dc418b4c3728",
          "version": "1.1.0"
        }
      }
    ]
  },
  "version": 1
}
